// !$*UTF8*$!
{
	archiveVersion = 1;
	classes = {
	};
	objectVersion = 46;
	objects = {

/* Begin PBXBuildFile section */
		01B02E36B151DA4B9A10A2D8 /* libPods-SinkOrSwimiOSInterfaceBuilding.a in Frameworks */ = {isa = PBXBuildFile; fileRef = DAEB74D869BFC8498E166523 /* libPods-SinkOrSwimiOSInterfaceBuilding.a */; };
		C2062CAC1D78B7E4003C3C27 /* main.m in Sources */ = {isa = PBXBuildFile; fileRef = C2062CAB1D78B7E4003C3C27 /* main.m */; };
		C2062CAF1D78B7E4003C3C27 /* AppDelegate.m in Sources */ = {isa = PBXBuildFile; fileRef = C2062CAE1D78B7E4003C3C27 /* AppDelegate.m */; };
		C2062CB21D78B7E4003C3C27 /* MovieDetailsViewController.m in Sources */ = {isa = PBXBuildFile; fileRef = C2062CB11D78B7E4003C3C27 /* MovieDetailsViewController.m */; };
		C2062CB51D78B7E4003C3C27 /* Main.storyboard in Resources */ = {isa = PBXBuildFile; fileRef = C2062CB31D78B7E4003C3C27 /* Main.storyboard */; };
		C2062CC51D78B7E4003C3C27 /* SinkOrSwimiOSInterfaceBuildingTests.m in Sources */ = {isa = PBXBuildFile; fileRef = C2062CC41D78B7E4003C3C27 /* SinkOrSwimiOSInterfaceBuildingTests.m */; };
		C2062CD01D78B7E4003C3C27 /* SinkOrSwimiOSInterfaceBuildingUITests.m in Sources */ = {isa = PBXBuildFile; fileRef = C2062CCF1D78B7E4003C3C27 /* SinkOrSwimiOSInterfaceBuildingUITests.m */; };
		C2062CE71D78BA85003C3C27 /* CollectionViewCell.m in Sources */ = {isa = PBXBuildFile; fileRef = C2062CE01D78BA85003C3C27 /* CollectionViewCell.m */; };
		C2062CE81D78BA85003C3C27 /* CollectionViewController.m in Sources */ = {isa = PBXBuildFile; fileRef = C2062CE21D78BA85003C3C27 /* CollectionViewController.m */; };
		C2062CEA1D78BA85003C3C27 /* MoviesTableViewController.m in Sources */ = {isa = PBXBuildFile; fileRef = C2062CE61D78BA85003C3C27 /* MoviesTableViewController.m */; };
		C2062CF01D78BEE2003C3C27 /* Images.xcassets in Resources */ = {isa = PBXBuildFile; fileRef = C2062CED1D78BEE2003C3C27 /* Images.xcassets */; };
		C25E96721D7ACAF300816F97 /* MovieReviewViewController.m in Sources */ = {isa = PBXBuildFile; fileRef = C25E96711D7ACAF300816F97 /* MovieReviewViewController.m */; };
		C2B09F5D1D7A478E0061069F /* ImageModel.m in Sources */ = {isa = PBXBuildFile; fileRef = C2B09F5C1D7A478E0061069F /* ImageModel.m */; };
		D320EC191D7D4D890042F2D5 /* MovieReview.m in Sources */ = {isa = PBXBuildFile; fileRef = D320EC181D7D4D890042F2D5 /* MovieReview.m */; };
		D320EC1D1D7E0D4A0042F2D5 /* SWRevealViewController.m in Sources */ = {isa = PBXBuildFile; fileRef = D320EC1C1D7E0D4A0042F2D5 /* SWRevealViewController.m */; };
		D320EC271D7E229F0042F2D5 /* SidebarViewController.m in Sources */ = {isa = PBXBuildFile; fileRef = D320EC261D7E229F0042F2D5 /* SidebarViewController.m */; };
/* End PBXBuildFile section */

/* Begin PBXContainerItemProxy section */
		C2062CC11D78B7E4003C3C27 /* PBXContainerItemProxy */ = {
			isa = PBXContainerItemProxy;
			containerPortal = C2062C9F1D78B7E4003C3C27 /* Project object */;
			proxyType = 1;
			remoteGlobalIDString = C2062CA61D78B7E4003C3C27;
			remoteInfo = SinkOrSwimiOSInterfaceBuilding;
		};
		C2062CCC1D78B7E4003C3C27 /* PBXContainerItemProxy */ = {
			isa = PBXContainerItemProxy;
			containerPortal = C2062C9F1D78B7E4003C3C27 /* Project object */;
			proxyType = 1;
			remoteGlobalIDString = C2062CA61D78B7E4003C3C27;
			remoteInfo = SinkOrSwimiOSInterfaceBuilding;
		};
/* End PBXContainerItemProxy section */

/* Begin PBXFileReference section */
		15B5B739DC0CED65E3BB353E /* Pods-SinkOrSwimiOSInterfaceBuilding.release.xcconfig */ = {isa = PBXFileReference; includeInIndex = 1; lastKnownFileType = text.xcconfig; name = "Pods-SinkOrSwimiOSInterfaceBuilding.release.xcconfig"; path = "Pods/Target Support Files/Pods-SinkOrSwimiOSInterfaceBuilding/Pods-SinkOrSwimiOSInterfaceBuilding.release.xcconfig"; sourceTree = "<group>"; };
		71F4C8DFA1069C952392D39E /* Pods-SinkOrSwimiOSInterfaceBuilding.debug.xcconfig */ = {isa = PBXFileReference; includeInIndex = 1; lastKnownFileType = text.xcconfig; name = "Pods-SinkOrSwimiOSInterfaceBuilding.debug.xcconfig"; path = "Pods/Target Support Files/Pods-SinkOrSwimiOSInterfaceBuilding/Pods-SinkOrSwimiOSInterfaceBuilding.debug.xcconfig"; sourceTree = "<group>"; };
		C2062CA71D78B7E4003C3C27 /* SinkOrSwimiOSInterfaceBuilding.app */ = {isa = PBXFileReference; explicitFileType = wrapper.application; includeInIndex = 0; path = SinkOrSwimiOSInterfaceBuilding.app; sourceTree = BUILT_PRODUCTS_DIR; };
		C2062CAB1D78B7E4003C3C27 /* main.m */ = {isa = PBXFileReference; lastKnownFileType = sourcecode.c.objc; path = main.m; sourceTree = "<group>"; };
		C2062CAD1D78B7E4003C3C27 /* AppDelegate.h */ = {isa = PBXFileReference; lastKnownFileType = sourcecode.c.h; path = AppDelegate.h; sourceTree = "<group>"; };
		C2062CAE1D78B7E4003C3C27 /* AppDelegate.m */ = {isa = PBXFileReference; lastKnownFileType = sourcecode.c.objc; path = AppDelegate.m; sourceTree = "<group>"; };
		C2062CB01D78B7E4003C3C27 /* MovieDetailsViewController.h */ = {isa = PBXFileReference; lastKnownFileType = sourcecode.c.h; path = MovieDetailsViewController.h; sourceTree = "<group>"; };
		C2062CB11D78B7E4003C3C27 /* MovieDetailsViewController.m */ = {isa = PBXFileReference; lastKnownFileType = sourcecode.c.objc; path = MovieDetailsViewController.m; sourceTree = "<group>"; };
		C2062CB41D78B7E4003C3C27 /* Base */ = {isa = PBXFileReference; lastKnownFileType = file.storyboard; name = Base; path = Base.lproj/Main.storyboard; sourceTree = "<group>"; };
		C2062CBB1D78B7E4003C3C27 /* Info.plist */ = {isa = PBXFileReference; lastKnownFileType = text.plist.xml; path = Info.plist; sourceTree = "<group>"; };
		C2062CC01D78B7E4003C3C27 /* SinkOrSwimiOSInterfaceBuildingTests.xctest */ = {isa = PBXFileReference; explicitFileType = wrapper.cfbundle; includeInIndex = 0; path = SinkOrSwimiOSInterfaceBuildingTests.xctest; sourceTree = BUILT_PRODUCTS_DIR; };
		C2062CC41D78B7E4003C3C27 /* SinkOrSwimiOSInterfaceBuildingTests.m */ = {isa = PBXFileReference; lastKnownFileType = sourcecode.c.objc; path = SinkOrSwimiOSInterfaceBuildingTests.m; sourceTree = "<group>"; };
		C2062CC61D78B7E4003C3C27 /* Info.plist */ = {isa = PBXFileReference; lastKnownFileType = text.plist.xml; path = Info.plist; sourceTree = "<group>"; };
		C2062CCB1D78B7E4003C3C27 /* SinkOrSwimiOSInterfaceBuildingUITests.xctest */ = {isa = PBXFileReference; explicitFileType = wrapper.cfbundle; includeInIndex = 0; path = SinkOrSwimiOSInterfaceBuildingUITests.xctest; sourceTree = BUILT_PRODUCTS_DIR; };
		C2062CCF1D78B7E4003C3C27 /* SinkOrSwimiOSInterfaceBuildingUITests.m */ = {isa = PBXFileReference; lastKnownFileType = sourcecode.c.objc; path = SinkOrSwimiOSInterfaceBuildingUITests.m; sourceTree = "<group>"; };
		C2062CD11D78B7E4003C3C27 /* Info.plist */ = {isa = PBXFileReference; lastKnownFileType = text.plist.xml; path = Info.plist; sourceTree = "<group>"; };
		C2062CDF1D78BA85003C3C27 /* CollectionViewCell.h */ = {isa = PBXFileReference; fileEncoding = 4; lastKnownFileType = sourcecode.c.h; path = CollectionViewCell.h; sourceTree = "<group>"; };
		C2062CE01D78BA85003C3C27 /* CollectionViewCell.m */ = {isa = PBXFileReference; fileEncoding = 4; lastKnownFileType = sourcecode.c.objc; path = CollectionViewCell.m; sourceTree = "<group>"; };
		C2062CE11D78BA85003C3C27 /* CollectionViewController.h */ = {isa = PBXFileReference; fileEncoding = 4; lastKnownFileType = sourcecode.c.h; path = CollectionViewController.h; sourceTree = "<group>"; };
		C2062CE21D78BA85003C3C27 /* CollectionViewController.m */ = {isa = PBXFileReference; fileEncoding = 4; lastKnownFileType = sourcecode.c.objc; path = CollectionViewController.m; sourceTree = "<group>"; };
		C2062CE51D78BA85003C3C27 /* MoviesTableViewController.h */ = {isa = PBXFileReference; fileEncoding = 4; lastKnownFileType = sourcecode.c.h; path = MoviesTableViewController.h; sourceTree = "<group>"; };
		C2062CE61D78BA85003C3C27 /* MoviesTableViewController.m */ = {isa = PBXFileReference; fileEncoding = 4; lastKnownFileType = sourcecode.c.objc; path = MoviesTableViewController.m; sourceTree = "<group>"; };
		C2062CED1D78BEE2003C3C27 /* Images.xcassets */ = {isa = PBXFileReference; lastKnownFileType = folder.assetcatalog; path = Images.xcassets; sourceTree = "<group>"; };
		C25E96701D7ACAF300816F97 /* MovieReviewViewController.h */ = {isa = PBXFileReference; fileEncoding = 4; lastKnownFileType = sourcecode.c.h; path = MovieReviewViewController.h; sourceTree = "<group>"; };
		C25E96711D7ACAF300816F97 /* MovieReviewViewController.m */ = {isa = PBXFileReference; fileEncoding = 4; lastKnownFileType = sourcecode.c.objc; path = MovieReviewViewController.m; sourceTree = "<group>"; };
		C2B09F5B1D7A478E0061069F /* ImageModel.h */ = {isa = PBXFileReference; fileEncoding = 4; lastKnownFileType = sourcecode.c.h; path = ImageModel.h; sourceTree = "<group>"; };
		C2B09F5C1D7A478E0061069F /* ImageModel.m */ = {isa = PBXFileReference; fileEncoding = 4; lastKnownFileType = sourcecode.c.objc; path = ImageModel.m; sourceTree = "<group>"; };
		D320EC171D7D4D890042F2D5 /* MovieReview.h */ = {isa = PBXFileReference; fileEncoding = 4; lastKnownFileType = sourcecode.c.h; path = MovieReview.h; sourceTree = "<group>"; };
		D320EC181D7D4D890042F2D5 /* MovieReview.m */ = {isa = PBXFileReference; fileEncoding = 4; lastKnownFileType = sourcecode.c.objc; path = MovieReview.m; sourceTree = "<group>"; };
		D320EC1B1D7E0D4A0042F2D5 /* SWRevealViewController.h */ = {isa = PBXFileReference; fileEncoding = 4; lastKnownFileType = sourcecode.c.h; path = SWRevealViewController.h; sourceTree = "<group>"; };
		D320EC1C1D7E0D4A0042F2D5 /* SWRevealViewController.m */ = {isa = PBXFileReference; fileEncoding = 4; lastKnownFileType = sourcecode.c.objc; path = SWRevealViewController.m; sourceTree = "<group>"; };
		D320EC251D7E229F0042F2D5 /* SidebarViewController.h */ = {isa = PBXFileReference; fileEncoding = 4; lastKnownFileType = sourcecode.c.h; path = SidebarViewController.h; sourceTree = "<group>"; };
		D320EC261D7E229F0042F2D5 /* SidebarViewController.m */ = {isa = PBXFileReference; fileEncoding = 4; lastKnownFileType = sourcecode.c.objc; path = SidebarViewController.m; sourceTree = "<group>"; };
		DAEB74D869BFC8498E166523 /* libPods-SinkOrSwimiOSInterfaceBuilding.a */ = {isa = PBXFileReference; explicitFileType = archive.ar; includeInIndex = 0; path = "libPods-SinkOrSwimiOSInterfaceBuilding.a"; sourceTree = BUILT_PRODUCTS_DIR; };
/* End PBXFileReference section */

/* Begin PBXFrameworksBuildPhase section */
		C2062CA41D78B7E4003C3C27 /* Frameworks */ = {
			isa = PBXFrameworksBuildPhase;
			buildActionMask = 2147483647;
			files = (
				01B02E36B151DA4B9A10A2D8 /* libPods-SinkOrSwimiOSInterfaceBuilding.a in Frameworks */,
			);
			runOnlyForDeploymentPostprocessing = 0;
		};
		C2062CBD1D78B7E4003C3C27 /* Frameworks */ = {
			isa = PBXFrameworksBuildPhase;
			buildActionMask = 2147483647;
			files = (
			);
			runOnlyForDeploymentPostprocessing = 0;
		};
		C2062CC81D78B7E4003C3C27 /* Frameworks */ = {
			isa = PBXFrameworksBuildPhase;
			buildActionMask = 2147483647;
			files = (
			);
			runOnlyForDeploymentPostprocessing = 0;
		};
/* End PBXFrameworksBuildPhase section */

/* Begin PBXGroup section */
		4939A8BF65B4FD11B3A9CD4E /* Frameworks */ = {
			isa = PBXGroup;
			children = (
				DAEB74D869BFC8498E166523 /* libPods-SinkOrSwimiOSInterfaceBuilding.a */,
			);
			name = Frameworks;
			sourceTree = "<group>";
		};
		B762F78B3815E5B40E7B44B6 /* Pods */ = {
			isa = PBXGroup;
			children = (
				71F4C8DFA1069C952392D39E /* Pods-SinkOrSwimiOSInterfaceBuilding.debug.xcconfig */,
				15B5B739DC0CED65E3BB353E /* Pods-SinkOrSwimiOSInterfaceBuilding.release.xcconfig */,
			);
			name = Pods;
			sourceTree = "<group>";
		};
		C2062C9E1D78B7E4003C3C27 = {
			isa = PBXGroup;
			children = (
				C2062CA91D78B7E4003C3C27 /* SinkOrSwimiOSInterfaceBuilding */,
				C2062CC31D78B7E4003C3C27 /* SinkOrSwimiOSInterfaceBuildingTests */,
				C2062CCE1D78B7E4003C3C27 /* SinkOrSwimiOSInterfaceBuildingUITests */,
				C2062CA81D78B7E4003C3C27 /* Products */,
				B762F78B3815E5B40E7B44B6 /* Pods */,
				4939A8BF65B4FD11B3A9CD4E /* Frameworks */,
			);
			sourceTree = "<group>";
		};
		C2062CA81D78B7E4003C3C27 /* Products */ = {
			isa = PBXGroup;
			children = (
				C2062CA71D78B7E4003C3C27 /* SinkOrSwimiOSInterfaceBuilding.app */,
				C2062CC01D78B7E4003C3C27 /* SinkOrSwimiOSInterfaceBuildingTests.xctest */,
				C2062CCB1D78B7E4003C3C27 /* SinkOrSwimiOSInterfaceBuildingUITests.xctest */,
			);
			name = Products;
			sourceTree = "<group>";
		};
		C2062CA91D78B7E4003C3C27 /* SinkOrSwimiOSInterfaceBuilding */ = {
			isa = PBXGroup;
			children = (
				D320EC1A1D7E0D0A0042F2D5 /* SWRevealViewController */,
				D320EC171D7D4D890042F2D5 /* MovieReview.h */,
				D320EC181D7D4D890042F2D5 /* MovieReview.m */,
				C2B09F5B1D7A478E0061069F /* ImageModel.h */,
				D320EC251D7E229F0042F2D5 /* SidebarViewController.h */,
				D320EC261D7E229F0042F2D5 /* SidebarViewController.m */,
				C2B09F5C1D7A478E0061069F /* ImageModel.m */,
				C2062CED1D78BEE2003C3C27 /* Images.xcassets */,
				C2062CDF1D78BA85003C3C27 /* CollectionViewCell.h */,
				C2062CE01D78BA85003C3C27 /* CollectionViewCell.m */,
				C2062CE11D78BA85003C3C27 /* CollectionViewController.h */,
				C2062CE21D78BA85003C3C27 /* CollectionViewController.m */,
				C2062CE51D78BA85003C3C27 /* MoviesTableViewController.h */,
				C2062CE61D78BA85003C3C27 /* MoviesTableViewController.m */,
				C2062CAD1D78B7E4003C3C27 /* AppDelegate.h */,
				C2062CAE1D78B7E4003C3C27 /* AppDelegate.m */,
				C2062CB01D78B7E4003C3C27 /* MovieDetailsViewController.h */,
				C2062CB11D78B7E4003C3C27 /* MovieDetailsViewController.m */,
				C25E96701D7ACAF300816F97 /* MovieReviewViewController.h */,
				C25E96711D7ACAF300816F97 /* MovieReviewViewController.m */,
				C2062CB31D78B7E4003C3C27 /* Main.storyboard */,
				C2062CBB1D78B7E4003C3C27 /* Info.plist */,
				C2062CAA1D78B7E4003C3C27 /* Supporting Files */,
			);
			path = SinkOrSwimiOSInterfaceBuilding;
			sourceTree = "<group>";
		};
		C2062CAA1D78B7E4003C3C27 /* Supporting Files */ = {
			isa = PBXGroup;
			children = (
				C2062CAB1D78B7E4003C3C27 /* main.m */,
			);
			name = "Supporting Files";
			sourceTree = "<group>";
		};
		C2062CC31D78B7E4003C3C27 /* SinkOrSwimiOSInterfaceBuildingTests */ = {
			isa = PBXGroup;
			children = (
				C2062CC41D78B7E4003C3C27 /* SinkOrSwimiOSInterfaceBuildingTests.m */,
				C2062CC61D78B7E4003C3C27 /* Info.plist */,
			);
			path = SinkOrSwimiOSInterfaceBuildingTests;
			sourceTree = "<group>";
		};
		C2062CCE1D78B7E4003C3C27 /* SinkOrSwimiOSInterfaceBuildingUITests */ = {
			isa = PBXGroup;
			children = (
				C2062CCF1D78B7E4003C3C27 /* SinkOrSwimiOSInterfaceBuildingUITests.m */,
				C2062CD11D78B7E4003C3C27 /* Info.plist */,
			);
			path = SinkOrSwimiOSInterfaceBuildingUITests;
			sourceTree = "<group>";
		};
		D320EC1A1D7E0D0A0042F2D5 /* SWRevealViewController */ = {
			isa = PBXGroup;
			children = (
				D320EC1B1D7E0D4A0042F2D5 /* SWRevealViewController.h */,
				D320EC1C1D7E0D4A0042F2D5 /* SWRevealViewController.m */,
			);
			name = SWRevealViewController;
			sourceTree = "<group>";
		};
/* End PBXGroup section */

/* Begin PBXNativeTarget section */
		C2062CA61D78B7E4003C3C27 /* SinkOrSwimiOSInterfaceBuilding */ = {
			isa = PBXNativeTarget;
			buildConfigurationList = C2062CD41D78B7E4003C3C27 /* Build configuration list for PBXNativeTarget "SinkOrSwimiOSInterfaceBuilding" */;
			buildPhases = (
				6767A49F5D41FCA97D30D1AE /* [CP] Check Pods Manifest.lock */,
				C2062CA31D78B7E4003C3C27 /* Sources */,
				C2062CA41D78B7E4003C3C27 /* Frameworks */,
				C2062CA51D78B7E4003C3C27 /* Resources */,
				6951BF60A0CB5F4FF7F9DDE3 /* [CP] Embed Pods Frameworks */,
				6B685DBAD64A756A4CB26565 /* [CP] Copy Pods Resources */,
			);
			buildRules = (
			);
			dependencies = (
			);
			name = SinkOrSwimiOSInterfaceBuilding;
			productName = SinkOrSwimiOSInterfaceBuilding;
			productReference = C2062CA71D78B7E4003C3C27 /* SinkOrSwimiOSInterfaceBuilding.app */;
			productType = "com.apple.product-type.application";
		};
		C2062CBF1D78B7E4003C3C27 /* SinkOrSwimiOSInterfaceBuildingTests */ = {
			isa = PBXNativeTarget;
			buildConfigurationList = C2062CD71D78B7E4003C3C27 /* Build configuration list for PBXNativeTarget "SinkOrSwimiOSInterfaceBuildingTests" */;
			buildPhases = (
				C2062CBC1D78B7E4003C3C27 /* Sources */,
				C2062CBD1D78B7E4003C3C27 /* Frameworks */,
				C2062CBE1D78B7E4003C3C27 /* Resources */,
			);
			buildRules = (
			);
			dependencies = (
				C2062CC21D78B7E4003C3C27 /* PBXTargetDependency */,
			);
			name = SinkOrSwimiOSInterfaceBuildingTests;
			productName = SinkOrSwimiOSInterfaceBuildingTests;
			productReference = C2062CC01D78B7E4003C3C27 /* SinkOrSwimiOSInterfaceBuildingTests.xctest */;
			productType = "com.apple.product-type.bundle.unit-test";
		};
		C2062CCA1D78B7E4003C3C27 /* SinkOrSwimiOSInterfaceBuildingUITests */ = {
			isa = PBXNativeTarget;
			buildConfigurationList = C2062CDA1D78B7E4003C3C27 /* Build configuration list for PBXNativeTarget "SinkOrSwimiOSInterfaceBuildingUITests" */;
			buildPhases = (
				C2062CC71D78B7E4003C3C27 /* Sources */,
				C2062CC81D78B7E4003C3C27 /* Frameworks */,
				C2062CC91D78B7E4003C3C27 /* Resources */,
			);
			buildRules = (
			);
			dependencies = (
				C2062CCD1D78B7E4003C3C27 /* PBXTargetDependency */,
			);
			name = SinkOrSwimiOSInterfaceBuildingUITests;
			productName = SinkOrSwimiOSInterfaceBuildingUITests;
			productReference = C2062CCB1D78B7E4003C3C27 /* SinkOrSwimiOSInterfaceBuildingUITests.xctest */;
			productType = "com.apple.product-type.bundle.ui-testing";
		};
/* End PBXNativeTarget section */

/* Begin PBXProject section */
		C2062C9F1D78B7E4003C3C27 /* Project object */ = {
			isa = PBXProject;
			attributes = {
				LastUpgradeCheck = 0730;
				ORGANIZATIONNAME = "Mobile Design Group";
				TargetAttributes = {
					C2062CA61D78B7E4003C3C27 = {
						CreatedOnToolsVersion = 7.3.1;
					};
					C2062CBF1D78B7E4003C3C27 = {
						CreatedOnToolsVersion = 7.3.1;
						TestTargetID = C2062CA61D78B7E4003C3C27;
					};
					C2062CCA1D78B7E4003C3C27 = {
						CreatedOnToolsVersion = 7.3.1;
						TestTargetID = C2062CA61D78B7E4003C3C27;
					};
				};
			};
			buildConfigurationList = C2062CA21D78B7E4003C3C27 /* Build configuration list for PBXProject "SinkOrSwimiOSInterfaceBuilding" */;
			compatibilityVersion = "Xcode 3.2";
			developmentRegion = English;
			hasScannedForEncodings = 0;
			knownRegions = (
				en,
				Base,
			);
			mainGroup = C2062C9E1D78B7E4003C3C27;
			productRefGroup = C2062CA81D78B7E4003C3C27 /* Products */;
			projectDirPath = "";
			projectRoot = "";
			targets = (
				C2062CA61D78B7E4003C3C27 /* SinkOrSwimiOSInterfaceBuilding */,
				C2062CBF1D78B7E4003C3C27 /* SinkOrSwimiOSInterfaceBuildingTests */,
				C2062CCA1D78B7E4003C3C27 /* SinkOrSwimiOSInterfaceBuildingUITests */,
			);
		};
/* End PBXProject section */

/* Begin PBXResourcesBuildPhase section */
		C2062CA51D78B7E4003C3C27 /* Resources */ = {
			isa = PBXResourcesBuildPhase;
			buildActionMask = 2147483647;
			files = (
				C2062CF01D78BEE2003C3C27 /* Images.xcassets in Resources */,
				C2062CB51D78B7E4003C3C27 /* Main.storyboard in Resources */,
			);
			runOnlyForDeploymentPostprocessing = 0;
		};
		C2062CBE1D78B7E4003C3C27 /* Resources */ = {
			isa = PBXResourcesBuildPhase;
			buildActionMask = 2147483647;
			files = (
			);
			runOnlyForDeploymentPostprocessing = 0;
		};
		C2062CC91D78B7E4003C3C27 /* Resources */ = {
			isa = PBXResourcesBuildPhase;
			buildActionMask = 2147483647;
			files = (
			);
			runOnlyForDeploymentPostprocessing = 0;
		};
/* End PBXResourcesBuildPhase section */

/* Begin PBXShellScriptBuildPhase section */
		6767A49F5D41FCA97D30D1AE /* [CP] Check Pods Manifest.lock */ = {
			isa = PBXShellScriptBuildPhase;
			buildActionMask = 2147483647;
			files = (
			);
			inputPaths = (
			);
			name = "[CP] Check Pods Manifest.lock";
			outputPaths = (
			);
			runOnlyForDeploymentPostprocessing = 0;
			shellPath = /bin/sh;
			shellScript = "diff \"${PODS_ROOT}/../Podfile.lock\" \"${PODS_ROOT}/Manifest.lock\" > /dev/null\nif [[ $? != 0 ]] ; then\n    cat << EOM\nerror: The sandbox is not in sync with the Podfile.lock. Run 'pod install' or update your CocoaPods installation.\nEOM\n    exit 1\nfi\n";
			showEnvVarsInLog = 0;
		};
		6951BF60A0CB5F4FF7F9DDE3 /* [CP] Embed Pods Frameworks */ = {
			isa = PBXShellScriptBuildPhase;
			buildActionMask = 2147483647;
			files = (
			);
			inputPaths = (
			);
			name = "[CP] Embed Pods Frameworks";
			outputPaths = (
			);
			runOnlyForDeploymentPostprocessing = 0;
			shellPath = /bin/sh;
			shellScript = "\"${SRCROOT}/Pods/Target Support Files/Pods-SinkOrSwimiOSInterfaceBuilding/Pods-SinkOrSwimiOSInterfaceBuilding-frameworks.sh\"\n";
			showEnvVarsInLog = 0;
		};
		6B685DBAD64A756A4CB26565 /* [CP] Copy Pods Resources */ = {
			isa = PBXShellScriptBuildPhase;
			buildActionMask = 2147483647;
			files = (
			);
			inputPaths = (
			);
			name = "[CP] Copy Pods Resources";
			outputPaths = (
			);
			runOnlyForDeploymentPostprocessing = 0;
			shellPath = /bin/sh;
			shellScript = "\"${SRCROOT}/Pods/Target Support Files/Pods-SinkOrSwimiOSInterfaceBuilding/Pods-SinkOrSwimiOSInterfaceBuilding-resources.sh\"\n";
			showEnvVarsInLog = 0;
		};
/* End PBXShellScriptBuildPhase section */

/* Begin PBXSourcesBuildPhase section */
		C2062CA31D78B7E4003C3C27 /* Sources */ = {
			isa = PBXSourcesBuildPhase;
			buildActionMask = 2147483647;
			files = (
				C2062CB21D78B7E4003C3C27 /* MovieDetailsViewController.m in Sources */,
				C2062CE71D78BA85003C3C27 /* CollectionViewCell.m in Sources */,
				C2B09F5D1D7A478E0061069F /* ImageModel.m in Sources */,
				C2062CE81D78BA85003C3C27 /* CollectionViewController.m in Sources */,
				C2062CAF1D78B7E4003C3C27 /* AppDelegate.m in Sources */,
				C2062CAC1D78B7E4003C3C27 /* main.m in Sources */,
				C2062CEA1D78BA85003C3C27 /* MoviesTableViewController.m in Sources */,
				D320EC1D1D7E0D4A0042F2D5 /* SWRevealViewController.m in Sources */,
				C25E96721D7ACAF300816F97 /* MovieReviewViewController.m in Sources */,
				D320EC191D7D4D890042F2D5 /* MovieReview.m in Sources */,
				D320EC271D7E229F0042F2D5 /* SidebarViewController.m in Sources */,
			);
			runOnlyForDeploymentPostprocessing = 0;
		};
		C2062CBC1D78B7E4003C3C27 /* Sources */ = {
			isa = PBXSourcesBuildPhase;
			buildActionMask = 2147483647;
			files = (
				C2062CC51D78B7E4003C3C27 /* SinkOrSwimiOSInterfaceBuildingTests.m in Sources */,
			);
			runOnlyForDeploymentPostprocessing = 0;
		};
		C2062CC71D78B7E4003C3C27 /* Sources */ = {
			isa = PBXSourcesBuildPhase;
			buildActionMask = 2147483647;
			files = (
				C2062CD01D78B7E4003C3C27 /* SinkOrSwimiOSInterfaceBuildingUITests.m in Sources */,
			);
			runOnlyForDeploymentPostprocessing = 0;
		};
/* End PBXSourcesBuildPhase section */

/* Begin PBXTargetDependency section */
		C2062CC21D78B7E4003C3C27 /* PBXTargetDependency */ = {
			isa = PBXTargetDependency;
			target = C2062CA61D78B7E4003C3C27 /* SinkOrSwimiOSInterfaceBuilding */;
			targetProxy = C2062CC11D78B7E4003C3C27 /* PBXContainerItemProxy */;
		};
		C2062CCD1D78B7E4003C3C27 /* PBXTargetDependency */ = {
			isa = PBXTargetDependency;
			target = C2062CA61D78B7E4003C3C27 /* SinkOrSwimiOSInterfaceBuilding */;
			targetProxy = C2062CCC1D78B7E4003C3C27 /* PBXContainerItemProxy */;
		};
/* End PBXTargetDependency section */

/* Begin PBXVariantGroup section */
		C2062CB31D78B7E4003C3C27 /* Main.storyboard */ = {
			isa = PBXVariantGroup;
			children = (
				C2062CB41D78B7E4003C3C27 /* Base */,
			);
			name = Main.storyboard;
			sourceTree = "<group>";
		};
/* End PBXVariantGroup section */

/* Begin XCBuildConfiguration section */
		C2062CD21D78B7E4003C3C27 /* Debug */ = {
			isa = XCBuildConfiguration;
			buildSettings = {
				ALWAYS_SEARCH_USER_PATHS = NO;
				CLANG_ANALYZER_NONNULL = YES;
				CLANG_CXX_LANGUAGE_STANDARD = "gnu++0x";
				CLANG_CXX_LIBRARY = "libc++";
				CLANG_ENABLE_MODULES = YES;
				CLANG_ENABLE_OBJC_ARC = YES;
				CLANG_WARN_BOOL_CONVERSION = YES;
				CLANG_WARN_CONSTANT_CONVERSION = YES;
				CLANG_WARN_DIRECT_OBJC_ISA_USAGE = YES_ERROR;
				CLANG_WARN_EMPTY_BODY = YES;
				CLANG_WARN_ENUM_CONVERSION = YES;
				CLANG_WARN_INT_CONVERSION = YES;
				CLANG_WARN_OBJC_ROOT_CLASS = YES_ERROR;
				CLANG_WARN_UNREACHABLE_CODE = YES;
				CLANG_WARN__DUPLICATE_METHOD_MATCH = YES;
				"CODE_SIGN_IDENTITY[sdk=iphoneos*]" = "iPhone Developer";
				COPY_PHASE_STRIP = NO;
				DEBUG_INFORMATION_FORMAT = dwarf;
				ENABLE_STRICT_OBJC_MSGSEND = YES;
				ENABLE_TESTABILITY = YES;
				GCC_C_LANGUAGE_STANDARD = gnu99;
				GCC_DYNAMIC_NO_PIC = NO;
				GCC_NO_COMMON_BLOCKS = YES;
				GCC_OPTIMIZATION_LEVEL = 0;
				GCC_PREPROCESSOR_DEFINITIONS = (
					"DEBUG=1",
					"$(inherited)",
				);
				GCC_WARN_64_TO_32_BIT_CONVERSION = YES;
				GCC_WARN_ABOUT_RETURN_TYPE = YES_ERROR;
				GCC_WARN_UNDECLARED_SELECTOR = YES;
				GCC_WARN_UNINITIALIZED_AUTOS = YES_AGGRESSIVE;
				GCC_WARN_UNUSED_FUNCTION = YES;
				GCC_WARN_UNUSED_VARIABLE = YES;
				IPHONEOS_DEPLOYMENT_TARGET = 9.3;
				MTL_ENABLE_DEBUG_INFO = YES;
				ONLY_ACTIVE_ARCH = YES;
				SDKROOT = iphoneos;
			};
			name = Debug;
		};
		C2062CD31D78B7E4003C3C27 /* Release */ = {
			isa = XCBuildConfiguration;
			buildSettings = {
				ALWAYS_SEARCH_USER_PATHS = NO;
				CLANG_ANALYZER_NONNULL = YES;
				CLANG_CXX_LANGUAGE_STANDARD = "gnu++0x";
				CLANG_CXX_LIBRARY = "libc++";
				CLANG_ENABLE_MODULES = YES;
				CLANG_ENABLE_OBJC_ARC = YES;
				CLANG_WARN_BOOL_CONVERSION = YES;
				CLANG_WARN_CONSTANT_CONVERSION = YES;
				CLANG_WARN_DIRECT_OBJC_ISA_USAGE = YES_ERROR;
				CLANG_WARN_EMPTY_BODY = YES;
				CLANG_WARN_ENUM_CONVERSION = YES;
				CLANG_WARN_INT_CONVERSION = YES;
				CLANG_WARN_OBJC_ROOT_CLASS = YES_ERROR;
				CLANG_WARN_UNREACHABLE_CODE = YES;
				CLANG_WARN__DUPLICATE_METHOD_MATCH = YES;
				"CODE_SIGN_IDENTITY[sdk=iphoneos*]" = "iPhone Developer";
				COPY_PHASE_STRIP = NO;
				DEBUG_INFORMATION_FORMAT = "dwarf-with-dsym";
				ENABLE_NS_ASSERTIONS = NO;
				ENABLE_STRICT_OBJC_MSGSEND = YES;
				GCC_C_LANGUAGE_STANDARD = gnu99;
				GCC_NO_COMMON_BLOCKS = YES;
				GCC_WARN_64_TO_32_BIT_CONVERSION = YES;
				GCC_WARN_ABOUT_RETURN_TYPE = YES_ERROR;
				GCC_WARN_UNDECLARED_SELECTOR = YES;
				GCC_WARN_UNINITIALIZED_AUTOS = YES_AGGRESSIVE;
				GCC_WARN_UNUSED_FUNCTION = YES;
				GCC_WARN_UNUSED_VARIABLE = YES;
				IPHONEOS_DEPLOYMENT_TARGET = 9.3;
				MTL_ENABLE_DEBUG_INFO = NO;
				SDKROOT = iphoneos;
				VALIDATE_PRODUCT = YES;
			};
			name = Release;
		};
		C2062CD51D78B7E4003C3C27 /* Debug */ = {
			isa = XCBuildConfiguration;
			baseConfigurationReference = 71F4C8DFA1069C952392D39E /* Pods-SinkOrSwimiOSInterfaceBuilding.debug.xcconfig */;
			buildSettings = {
				ASSETCATALOG_COMPILER_APPICON_NAME = AppIcon;
				INFOPLIST_FILE = SinkOrSwimiOSInterfaceBuilding/Info.plist;
				IPHONEOS_DEPLOYMENT_TARGET = 9.2;
				LD_RUNPATH_SEARCH_PATHS = "$(inherited) @executable_path/Frameworks";
				PRODUCT_BUNDLE_IDENTIFIER = SMU.SinkOrSwimiOSInterfaceBuilding;
				PRODUCT_NAME = "$(TARGET_NAME)";
			};
			name = Debug;
		};
		C2062CD61D78B7E4003C3C27 /* Release */ = {
			isa = XCBuildConfiguration;
			baseConfigurationReference = 15B5B739DC0CED65E3BB353E /* Pods-SinkOrSwimiOSInterfaceBuilding.release.xcconfig */;
			buildSettings = {
				ASSETCATALOG_COMPILER_APPICON_NAME = AppIcon;
				INFOPLIST_FILE = SinkOrSwimiOSInterfaceBuilding/Info.plist;
				IPHONEOS_DEPLOYMENT_TARGET = 9.2;
				LD_RUNPATH_SEARCH_PATHS = "$(inherited) @executable_path/Frameworks";
				PRODUCT_BUNDLE_IDENTIFIER = SMU.SinkOrSwimiOSInterfaceBuilding;
				PRODUCT_NAME = "$(TARGET_NAME)";
			};
			name = Release;
		};
		C2062CD81D78B7E4003C3C27 /* Debug */ = {
			isa = XCBuildConfiguration;
			buildSettings = {
				BUNDLE_LOADER = "$(TEST_HOST)";
				INFOPLIST_FILE = SinkOrSwimiOSInterfaceBuildingTests/Info.plist;
				LD_RUNPATH_SEARCH_PATHS = "$(inherited) @executable_path/Frameworks @loader_path/Frameworks";
				PRODUCT_BUNDLE_IDENTIFIER = SMU.SinkOrSwimiOSInterfaceBuildingTests;
				PRODUCT_NAME = "$(TARGET_NAME)";
				TEST_HOST = "$(BUILT_PRODUCTS_DIR)/SinkOrSwimiOSInterfaceBuilding.app/SinkOrSwimiOSInterfaceBuilding";
			};
			name = Debug;
		};
		C2062CD91D78B7E4003C3C27 /* Release */ = {
			isa = XCBuildConfiguration;
			buildSettings = {
				BUNDLE_LOADER = "$(TEST_HOST)";
				INFOPLIST_FILE = SinkOrSwimiOSInterfaceBuildingTests/Info.plist;
				LD_RUNPATH_SEARCH_PATHS = "$(inherited) @executable_path/Frameworks @loader_path/Frameworks";
				PRODUCT_BUNDLE_IDENTIFIER = SMU.SinkOrSwimiOSInterfaceBuildingTests;
				PRODUCT_NAME = "$(TARGET_NAME)";
				TEST_HOST = "$(BUILT_PRODUCTS_DIR)/SinkOrSwimiOSInterfaceBuilding.app/SinkOrSwimiOSInterfaceBuilding";
			};
			name = Release;
		};
		C2062CDB1D78B7E4003C3C27 /* Debug */ = {
			isa = XCBuildConfiguration;
			buildSettings = {
				INFOPLIST_FILE = SinkOrSwimiOSInterfaceBuildingUITests/Info.plist;
				LD_RUNPATH_SEARCH_PATHS = "$(inherited) @executable_path/Frameworks @loader_path/Frameworks";
				PRODUCT_BUNDLE_IDENTIFIER = SMU.SinkOrSwimiOSInterfaceBuildingUITests;
				PRODUCT_NAME = "$(TARGET_NAME)";
				TEST_TARGET_NAME = SinkOrSwimiOSInterfaceBuilding;
			};
			name = Debug;
		};
		C2062CDC1D78B7E4003C3C27 /* Release */ = {
			isa = XCBuildConfiguration;
			buildSettings = {
				INFOPLIST_FILE = SinkOrSwimiOSInterfaceBuildingUITests/Info.plist;
				LD_RUNPATH_SEARCH_PATHS = "$(inherited) @executable_path/Frameworks @loader_path/Frameworks";
				PRODUCT_BUNDLE_IDENTIFIER = SMU.SinkOrSwimiOSInterfaceBuildingUITests;
				PRODUCT_NAME = "$(TARGET_NAME)";
				TEST_TARGET_NAME = SinkOrSwimiOSInterfaceBuilding;
			};
			name = Release;
		};
/* End XCBuildConfiguration section */

/* Begin XCConfigurationList section */
		C2062CA21D78B7E4003C3C27 /* Build configuration list for PBXProject "SinkOrSwimiOSInterfaceBuilding" */ = {
			isa = XCConfigurationList;
			buildConfigurations = (
				C2062CD21D78B7E4003C3C27 /* Debug */,
				C2062CD31D78B7E4003C3C27 /* Release */,
			);
			defaultConfigurationIsVisible = 0;
			defaultConfigurationName = Release;
		};
		C2062CD41D78B7E4003C3C27 /* Build configuration list for PBXNativeTarget "SinkOrSwimiOSInterfaceBuilding" */ = {
			isa = XCConfigurationList;
			buildConfigurations = (
				C2062CD51D78B7E4003C3C27 /* Debug */,
				C2062CD61D78B7E4003C3C27 /* Release */,
			);
			defaultConfigurationIsVisible = 0;
			defaultConfigurationName = Release;
		};
		C2062CD71D78B7E4003C3C27 /* Build configuration list for PBXNativeTarget "SinkOrSwimiOSInterfaceBuildingTests" */ = {
			isa = XCConfigurationList;
			buildConfigurations = (
				C2062CD81D78B7E4003C3C27 /* Debug */,
				C2062CD91D78B7E4003C3C27 /* Release */,
			);
			defaultConfigurationIsVisible = 0;
			defaultConfigurationName = Release;
		};
		C2062CDA1D78B7E4003C3C27 /* Build configuration list for PBXNativeTarget "SinkOrSwimiOSInterfaceBuildingUITests" */ = {
			isa = XCConfigurationList;
			buildConfigurations = (
				C2062CDB1D78B7E4003C3C27 /* Debug */,
				C2062CDC1D78B7E4003C3C27 /* Release */,
			);
			defaultConfigurationIsVisible = 0;
			defaultConfigurationName = Release;
		};
/* End XCConfigurationList section */
	};
	rootObject = C2062C9F1D78B7E4003C3C27 /* Project object */;
}
